// !$*UTF8*$!
{
	archiveVersion = 1;
	classes = {
	};
	objectVersion = 56;
	objects = {

/* Begin PBXBuildFile section */
		C78811942C63B0770040F939 /* testGIthubApp.swift in Sources */ = {isa = PBXBuildFile; fileRef = C78811932C63B0770040F939 /* testGIthubApp.swift */; };
		C78811962C63B0770040F939 /* ContentView.swift in Sources */ = {isa = PBXBuildFile; fileRef = C78811952C63B0770040F939 /* ContentView.swift */; };
		C78811982C63B0780040F939 /* Assets.xcassets in Resources */ = {isa = PBXBuildFile; fileRef = C78811972C63B0780040F939 /* Assets.xcassets */; };
		C788119B2C63B0780040F939 /* Preview Assets.xcassets in Resources */ = {isa = PBXBuildFile; fileRef = C788119A2C63B0780040F939 /* Preview Assets.xcassets */; };
		C78811A52C63B0780040F939 /* testGIthubTests.swift in Sources */ = {isa = PBXBuildFile; fileRef = C78811A42C63B0780040F939 /* testGIthubTests.swift */; };
		C78811AF2C63B0780040F939 /* testGIthubUITests.swift in Sources */ = {isa = PBXBuildFile; fileRef = C78811AE2C63B0780040F939 /* testGIthubUITests.swift */; };
		C78811B12C63B0780040F939 /* testGIthubUITestsLaunchTests.swift in Sources */ = {isa = PBXBuildFile; fileRef = C78811B02C63B0780040F939 /* testGIthubUITestsLaunchTests.swift */; };
/* End PBXBuildFile section */

/* Begin PBXContainerItemProxy section */
		C78811A12C63B0780040F939 /* PBXContainerItemProxy */ = {
			isa = PBXContainerItemProxy;
			containerPortal = C78811882C63B0770040F939 /* Project object */;
			proxyType = 1;
			remoteGlobalIDString = C788118F2C63B0770040F939;
			remoteInfo = testGIthub;
		};
		C78811AB2C63B0780040F939 /* PBXContainerItemProxy */ = {
			isa = PBXContainerItemProxy;
			containerPortal = C78811882C63B0770040F939 /* Project object */;
			proxyType = 1;
			remoteGlobalIDString = C788118F2C63B0770040F939;
			remoteInfo = testGIthub;
		};
/* End PBXContainerItemProxy section */

/* Begin PBXFileReference section */
		C78811902C63B0770040F939 /* testGIthub.app */ = {isa = PBXFileReference; explicitFileType = wrapper.application; includeInIndex = 0; path = testGIthub.app; sourceTree = BUILT_PRODUCTS_DIR; };
		C78811932C63B0770040F939 /* testGIthubApp.swift */ = {isa = PBXFileReference; lastKnownFileType = sourcecode.swift; path = testGIthubApp.swift; sourceTree = "<group>"; };
		C78811952C63B0770040F939 /* ContentView.swift */ = {isa = PBXFileReference; lastKnownFileType = sourcecode.swift; path = ContentView.swift; sourceTree = "<group>"; };
		C78811972C63B0780040F939 /* Assets.xcassets */ = {isa = PBXFileReference; lastKnownFileType = folder.assetcatalog; path = Assets.xcassets; sourceTree = "<group>"; };
		C788119A2C63B0780040F939 /* Preview Assets.xcassets */ = {isa = PBXFileReference; lastKnownFileType = folder.assetcatalog; path = "Preview Assets.xcassets"; sourceTree = "<group>"; };
		C78811A02C63B0780040F939 /* testGIthubTests.xctest */ = {isa = PBXFileReference; explicitFileType = wrapper.cfbundle; includeInIndex = 0; path = testGIthubTests.xctest; sourceTree = BUILT_PRODUCTS_DIR; };
		C78811A42C63B0780040F939 /* testGIthubTests.swift */ = {isa = PBXFileReference; lastKnownFileType = sourcecode.swift; path = testGIthubTests.swift; sourceTree = "<group>"; };
		C78811AA2C63B0780040F939 /* testGIthubUITests.xctest */ = {isa = PBXFileReference; explicitFileType = wrapper.cfbundle; includeInIndex = 0; path = testGIthubUITests.xctest; sourceTree = BUILT_PRODUCTS_DIR; };
		C78811AE2C63B0780040F939 /* testGIthubUITests.swift */ = {isa = PBXFileReference; lastKnownFileType = sourcecode.swift; path = testGIthubUITests.swift; sourceTree = "<group>"; };
		C78811B02C63B0780040F939 /* testGIthubUITestsLaunchTests.swift */ = {isa = PBXFileReference; lastKnownFileType = sourcecode.swift; path = testGIthubUITestsLaunchTests.swift; sourceTree = "<group>"; };
/* End PBXFileReference section */

/* Begin PBXFrameworksBuildPhase section */
		C788118D2C63B0770040F939 /* Frameworks */ = {
			isa = PBXFrameworksBuildPhase;
			buildActionMask = 2147483647;
			files = (
			);
			runOnlyForDeploymentPostprocessing = 0;
		};
		C788119D2C63B0780040F939 /* Frameworks */ = {
			isa = PBXFrameworksBuildPhase;
			buildActionMask = 2147483647;
			files = (
			);
			runOnlyForDeploymentPostprocessing = 0;
		};
		C78811A72C63B0780040F939 /* Frameworks */ = {
			isa = PBXFrameworksBuildPhase;
			buildActionMask = 2147483647;
			files = (
			);
			runOnlyForDeploymentPostprocessing = 0;
		};
/* End PBXFrameworksBuildPhase section */

/* Begin PBXGroup section */
		C78811872C63B0770040F939 = {
			isa = PBXGroup;
			children = (
				C78811922C63B0770040F939 /* testGIthub */,
				C78811A32C63B0780040F939 /* testGIthubTests */,
				C78811AD2C63B0780040F939 /* testGIthubUITests */,
				C78811912C63B0770040F939 /* Products */,
			);
			sourceTree = "<group>";
		};
		C78811912C63B0770040F939 /* Products */ = {
			isa = PBXGroup;
			children = (
				C78811902C63B0770040F939 /* testGIthub.app */,
				C78811A02C63B0780040F939 /* testGIthubTests.xctest */,
				C78811AA2C63B0780040F939 /* testGIthubUITests.xctest */,
			);
			name = Products;
			sourceTree = "<group>";
		};
		C78811922C63B0770040F939 /* testGIthub */ = {
			isa = PBXGroup;
			children = (
				C78811932C63B0770040F939 /* testGIthubApp.swift */,
				C78811952C63B0770040F939 /* ContentView.swift */,
				C78811972C63B0780040F939 /* Assets.xcassets */,
				C78811992C63B0780040F939 /* Preview Content */,
			);
			path = testGIthub;
			sourceTree = "<group>";
		};
		C78811992C63B0780040F939 /* Preview Content */ = {
			isa = PBXGroup;
			children = (
				C788119A2C63B0780040F939 /* Preview Assets.xcassets */,
			);
			path = "Preview Content";
			sourceTree = "<group>";
		};
		C78811A32C63B0780040F939 /* testGIthubTests */ = {
			isa = PBXGroup;
			children = (
				C78811A42C63B0780040F939 /* testGIthubTests.swift */,
			);
			path = testGIthubTests;
			sourceTree = "<group>";
		};
		C78811AD2C63B0780040F939 /* testGIthubUITests */ = {
			isa = PBXGroup;
			children = (
				C78811AE2C63B0780040F939 /* testGIthubUITests.swift */,
				C78811B02C63B0780040F939 /* testGIthubUITestsLaunchTests.swift */,
			);
			path = testGIthubUITests;
			sourceTree = "<group>";
		};
/* End PBXGroup section */

/* Begin PBXNativeTarget section */
		C788118F2C63B0770040F939 /* testGIthub */ = {
			isa = PBXNativeTarget;
			buildConfigurationList = C78811B42C63B0780040F939 /* Build configuration list for PBXNativeTarget "testGIthub" */;
			buildPhases = (
				C788118C2C63B0770040F939 /* Sources */,
				C788118D2C63B0770040F939 /* Frameworks */,
				C788118E2C63B0770040F939 /* Resources */,
			);
			buildRules = (
			);
			dependencies = (
			);
			name = testGIthub;
			productName = testGIthub;
			productReference = C78811902C63B0770040F939 /* testGIthub.app */;
			productType = "com.apple.product-type.application";
		};
		C788119F2C63B0780040F939 /* testGIthubTests */ = {
			isa = PBXNativeTarget;
			buildConfigurationList = C78811B72C63B0780040F939 /* Build configuration list for PBXNativeTarget "testGIthubTests" */;
			buildPhases = (
				C788119C2C63B0780040F939 /* Sources */,
				C788119D2C63B0780040F939 /* Frameworks */,
				C788119E2C63B0780040F939 /* Resources */,
			);
			buildRules = (
			);
			dependencies = (
				C78811A22C63B0780040F939 /* PBXTargetDependency */,
			);
			name = testGIthubTests;
			productName = testGIthubTests;
			productReference = C78811A02C63B0780040F939 /* testGIthubTests.xctest */;
			productType = "com.apple.product-type.bundle.unit-test";
		};
		C78811A92C63B0780040F939 /* testGIthubUITests */ = {
			isa = PBXNativeTarget;
			buildConfigurationList = C78811BA2C63B0780040F939 /* Build configuration list for PBXNativeTarget "testGIthubUITests" */;
			buildPhases = (
				C78811A62C63B0780040F939 /* Sources */,
				C78811A72C63B0780040F939 /* Frameworks */,
				C78811A82C63B0780040F939 /* Resources */,
			);
			buildRules = (
			);
			dependencies = (
				C78811AC2C63B0780040F939 /* PBXTargetDependency */,
			);
			name = testGIthubUITests;
			productName = testGIthubUITests;
			productReference = C78811AA2C63B0780040F939 /* testGIthubUITests.xctest */;
			productType = "com.apple.product-type.bundle.ui-testing";
		};
/* End PBXNativeTarget section */

/* Begin PBXProject section */
		C78811882C63B0770040F939 /* Project object */ = {
			isa = PBXProject;
			attributes = {
				BuildIndependentTargetsInParallel = 1;
				LastSwiftUpdateCheck = 1540;
				LastUpgradeCheck = 1540;
				TargetAttributes = {
					C788118F2C63B0770040F939 = {
						CreatedOnToolsVersion = 15.4;
					};
					C788119F2C63B0780040F939 = {
						CreatedOnToolsVersion = 15.4;
						TestTargetID = C788118F2C63B0770040F939;
					};
					C78811A92C63B0780040F939 = {
						CreatedOnToolsVersion = 15.4;
						TestTargetID = C788118F2C63B0770040F939;
					};
				};
			};
			buildConfigurationList = C788118B2C63B0770040F939 /* Build configuration list for PBXProject "testGIthub" */;
			compatibilityVersion = "Xcode 14.0";
			developmentRegion = en;
			hasScannedForEncodings = 0;
			knownRegions = (
				en,
				Base,
			);
			mainGroup = C78811872C63B0770040F939;
			productRefGroup = C78811912C63B0770040F939 /* Products */;
			projectDirPath = "";
			projectRoot = "";
			targets = (
				C788118F2C63B0770040F939 /* testGIthub */,
				C788119F2C63B0780040F939 /* testGIthubTests */,
				C78811A92C63B0780040F939 /* testGIthubUITests */,
			);
		};
/* End PBXProject section */

/* Begin PBXResourcesBuildPhase section */
		C788118E2C63B0770040F939 /* Resources */ = {
			isa = PBXResourcesBuildPhase;
			buildActionMask = 2147483647;
			files = (
				C788119B2C63B0780040F939 /* Preview Assets.xcassets in Resources */,
				C78811982C63B0780040F939 /* Assets.xcassets in Resources */,
			);
			runOnlyForDeploymentPostprocessing = 0;
		};
		C788119E2C63B0780040F939 /* Resources */ = {
			isa = PBXResourcesBuildPhase;
			buildActionMask = 2147483647;
			files = (
			);
			runOnlyForDeploymentPostprocessing = 0;
		};
		C78811A82C63B0780040F939 /* Resources */ = {
			isa = PBXResourcesBuildPhase;
			buildActionMask = 2147483647;
			files = (
			);
			runOnlyForDeploymentPostprocessing = 0;
		};
/* End PBXResourcesBuildPhase section */

/* Begin PBXSourcesBuildPhase section */
		C788118C2C63B0770040F939 /* Sources */ = {
			isa = PBXSourcesBuildPhase;
			buildActionMask = 2147483647;
			files = (
				C78811962C63B0770040F939 /* ContentView.swift in Sources */,
				C78811942C63B0770040F939 /* testGIthubApp.swift in Sources */,
			);
			runOnlyForDeploymentPostprocessing = 0;
		};
		C788119C2C63B0780040F939 /* Sources */ = {
			isa = PBXSourcesBuildPhase;
			buildActionMask = 2147483647;
			files = (
				C78811A52C63B0780040F939 /* testGIthubTests.swift in Sources */,
			);
			runOnlyForDeploymentPostprocessing = 0;
		};
		C78811A62C63B0780040F939 /* Sources */ = {
			isa = PBXSourcesBuildPhase;
			buildActionMask = 2147483647;
			files = (
				C78811AF2C63B0780040F939 /* testGIthubUITests.swift in Sources */,
				C78811B12C63B0780040F939 /* testGIthubUITestsLaunchTests.swift in Sources */,
			);
			runOnlyForDeploymentPostprocessing = 0;
		};
/* End PBXSourcesBuildPhase section */

/* Begin PBXTargetDependency section */
		C78811A22C63B0780040F939 /* PBXTargetDependency */ = {
			isa = PBXTargetDependency;
			target = C788118F2C63B0770040F939 /* testGIthub */;
			targetProxy = C78811A12C63B0780040F939 /* PBXContainerItemProxy */;
		};
		C78811AC2C63B0780040F939 /* PBXTargetDependency */ = {
			isa = PBXTargetDependency;
			target = C788118F2C63B0770040F939 /* testGIthub */;
			targetProxy = C78811AB2C63B0780040F939 /* PBXContainerItemProxy */;
		};
/* End PBXTargetDependency section */

/* Begin XCBuildConfiguration section */
		C78811B22C63B0780040F939 /* Debug */ = {
			isa = XCBuildConfiguration;
			buildSettings = {
				ALWAYS_SEARCH_USER_PATHS = NO;
				ASSETCATALOG_COMPILER_GENERATE_SWIFT_ASSET_SYMBOL_EXTENSIONS = YES;
				CLANG_ANALYZER_NONNULL = YES;
				CLANG_ANALYZER_NUMBER_OBJECT_CONVERSION = YES_AGGRESSIVE;
				CLANG_CXX_LANGUAGE_STANDARD = "gnu++20";
				CLANG_ENABLE_MODULES = YES;
				CLANG_ENABLE_OBJC_ARC = YES;
				CLANG_ENABLE_OBJC_WEAK = YES;
				CLANG_WARN_BLOCK_CAPTURE_AUTORELEASING = YES;
				CLANG_WARN_BOOL_CONVERSION = YES;
				CLANG_WARN_COMMA = YES;
				CLANG_WARN_CONSTANT_CONVERSION = YES;
				CLANG_WARN_DEPRECATED_OBJC_IMPLEMENTATIONS = YES;
				CLANG_WARN_DIRECT_OBJC_ISA_USAGE = YES_ERROR;
				CLANG_WARN_DOCUMENTATION_COMMENTS = YES;
				CLANG_WARN_EMPTY_BODY = YES;
				CLANG_WARN_ENUM_CONVERSION = YES;
				CLANG_WARN_INFINITE_RECURSION = YES;
				CLANG_WARN_INT_CONVERSION = YES;
				CLANG_WARN_NON_LITERAL_NULL_CONVERSION = YES;
				CLANG_WARN_OBJC_IMPLICIT_RETAIN_SELF = YES;
				CLANG_WARN_OBJC_LITERAL_CONVERSION = YES;
				CLANG_WARN_OBJC_ROOT_CLASS = YES_ERROR;
				CLANG_WARN_QUOTED_INCLUDE_IN_FRAMEWORK_HEADER = YES;
				CLANG_WARN_RANGE_LOOP_ANALYSIS = YES;
				CLANG_WARN_STRICT_PROTOTYPES = YES;
				CLANG_WARN_SUSPICIOUS_MOVE = YES;
				CLANG_WARN_UNGUARDED_AVAILABILITY = YES_AGGRESSIVE;
				CLANG_WARN_UNREACHABLE_CODE = YES;
				CLANG_WARN__DUPLICATE_METHOD_MATCH = YES;
				COPY_PHASE_STRIP = NO;
				DEBUG_INFORMATION_FORMAT = dwarf;
				ENABLE_STRICT_OBJC_MSGSEND = YES;
				ENABLE_TESTABILITY = YES;
				ENABLE_USER_SCRIPT_SANDBOXING = YES;
				GCC_C_LANGUAGE_STANDARD = gnu17;
				GCC_DYNAMIC_NO_PIC = NO;
				GCC_NO_COMMON_BLOCKS = YES;
				GCC_OPTIMIZATION_LEVEL = 0;
				GCC_PREPROCESSOR_DEFINITIONS = (
					"DEBUG=1",
					"$(inherited)",
				);
				GCC_WARN_64_TO_32_BIT_CONVERSION = YES;
				GCC_WARN_ABOUT_RETURN_TYPE = YES_ERROR;
				GCC_WARN_UNDECLARED_SELECTOR = YES;
				GCC_WARN_UNINITIALIZED_AUTOS = YES_AGGRESSIVE;
				GCC_WARN_UNUSED_FUNCTION = YES;
				GCC_WARN_UNUSED_VARIABLE = YES;
				IPHONEOS_DEPLOYMENT_TARGET = 17.5;
				LOCALIZATION_PREFERS_STRING_CATALOGS = YES;
				MTL_ENABLE_DEBUG_INFO = INCLUDE_SOURCE;
				MTL_FAST_MATH = YES;
				ONLY_ACTIVE_ARCH = YES;
				SDKROOT = iphoneos;
				SWIFT_ACTIVE_COMPILATION_CONDITIONS = "DEBUG $(inherited)";
				SWIFT_OPTIMIZATION_LEVEL = "-Onone";
			};
			name = Debug;
		};
		C78811B32C63B0780040F939 /* Release */ = {
			isa = XCBuildConfiguration;
			buildSettings = {
				ALWAYS_SEARCH_USER_PATHS = NO;
				ASSETCATALOG_COMPILER_GENERATE_SWIFT_ASSET_SYMBOL_EXTENSIONS = YES;
				CLANG_ANALYZER_NONNULL = YES;
				CLANG_ANALYZER_NUMBER_OBJECT_CONVERSION = YES_AGGRESSIVE;
				CLANG_CXX_LANGUAGE_STANDARD = "gnu++20";
				CLANG_ENABLE_MODULES = YES;
				CLANG_ENABLE_OBJC_ARC = YES;
				CLANG_ENABLE_OBJC_WEAK = YES;
				CLANG_WARN_BLOCK_CAPTURE_AUTORELEASING = YES;
				CLANG_WARN_BOOL_CONVERSION = YES;
				CLANG_WARN_COMMA = YES;
				CLANG_WARN_CONSTANT_CONVERSION = YES;
				CLANG_WARN_DEPRECATED_OBJC_IMPLEMENTATIONS = YES;
				CLANG_WARN_DIRECT_OBJC_ISA_USAGE = YES_ERROR;
				CLANG_WARN_DOCUMENTATION_COMMENTS = YES;
				CLANG_WARN_EMPTY_BODY = YES;
				CLANG_WARN_ENUM_CONVERSION = YES;
				CLANG_WARN_INFINITE_RECURSION = YES;
				CLANG_WARN_INT_CONVERSION = YES;
				CLANG_WARN_NON_LITERAL_NULL_CONVERSION = YES;
				CLANG_WARN_OBJC_IMPLICIT_RETAIN_SELF = YES;
				CLANG_WARN_OBJC_LITERAL_CONVERSION = YES;
				CLANG_WARN_OBJC_ROOT_CLASS = YES_ERROR;
				CLANG_WARN_QUOTED_INCLUDE_IN_FRAMEWORK_HEADER = YES;
				CLANG_WARN_RANGE_LOOP_ANALYSIS = YES;
				CLANG_WARN_STRICT_PROTOTYPES = YES;
				CLANG_WARN_SUSPICIOUS_MOVE = YES;
				CLANG_WARN_UNGUARDED_AVAILABILITY = YES_AGGRESSIVE;
				CLANG_WARN_UNREACHABLE_CODE = YES;
				CLANG_WARN__DUPLICATE_METHOD_MATCH = YES;
				COPY_PHASE_STRIP = NO;
				DEBUG_INFORMATION_FORMAT = "dwarf-with-dsym";
				ENABLE_NS_ASSERTIONS = NO;
				ENABLE_STRICT_OBJC_MSGSEND = YES;
				ENABLE_USER_SCRIPT_SANDBOXING = YES;
				GCC_C_LANGUAGE_STANDARD = gnu17;
				GCC_NO_COMMON_BLOCKS = YES;
				GCC_WARN_64_TO_32_BIT_CONVERSION = YES;
				GCC_WARN_ABOUT_RETURN_TYPE = YES_ERROR;
				GCC_WARN_UNDECLARED_SELECTOR = YES;
				GCC_WARN_UNINITIALIZED_AUTOS = YES_AGGRESSIVE;
				GCC_WARN_UNUSED_FUNCTION = YES;
				GCC_WARN_UNUSED_VARIABLE = YES;
				IPHONEOS_DEPLOYMENT_TARGET = 17.5;
				LOCALIZATION_PREFERS_STRING_CATALOGS = YES;
				MTL_ENABLE_DEBUG_INFO = NO;
				MTL_FAST_MATH = YES;
				SDKROOT = iphoneos;
				SWIFT_COMPILATION_MODE = wholemodule;
				VALIDATE_PRODUCT = YES;
			};
			name = Release;
		};
		C78811B52C63B0780040F939 /* Debug */ = {
			isa = XCBuildConfiguration;
			buildSettings = {
				ASSETCATALOG_COMPILER_APPICON_NAME = AppIcon;
				ASSETCATALOG_COMPILER_GLOBAL_ACCENT_COLOR_NAME = AccentColor;
				CODE_SIGN_STYLE = Automatic;
				CURRENT_PROJECT_VERSION = 1;
				DEVELOPMENT_ASSET_PATHS = "\"testGIthub/Preview Content\"";
				ENABLE_PREVIEWS = YES;
				GENERATE_INFOPLIST_FILE = YES;
				INFOPLIST_KEY_UIApplicationSceneManifest_Generation = YES;
				INFOPLIST_KEY_UIApplicationSupportsIndirectInputEvents = YES;
				INFOPLIST_KEY_UILaunchScreen_Generation = YES;
				INFOPLIST_KEY_UISupportedInterfaceOrientations_iPad = "UIInterfaceOrientationPortrait UIInterfaceOrientationPortraitUpsideDown UIInterfaceOrientationLandscapeLeft UIInterfaceOrientationLandscapeRight";
				INFOPLIST_KEY_UISupportedInterfaceOrientations_iPhone = "UIInterfaceOrientationPortrait UIInterfaceOrientationLandscapeLeft UIInterfaceOrientationLandscapeRight";
				LD_RUNPATH_SEARCH_PATHS = (
					"$(inherited)",
					"@executable_path/Frameworks",
				);
				MARKETING_VERSION = 1.0;
				PRODUCT_BUNDLE_IDENTIFIER = com.baikpartner.app.testGIthub;
				PRODUCT_NAME = "$(TARGET_NAME)";
				SWIFT_EMIT_LOC_STRINGS = YES;
				SWIFT_VERSION = 5.0;
				TARGETED_DEVICE_FAMILY = "1,2";
			};
			name = Debug;
		};
		C78811B62C63B0780040F939 /* Release */ = {
			isa = XCBuildConfiguration;
			buildSettings = {
				ASSETCATALOG_COMPILER_APPICON_NAME = AppIcon;
				ASSETCATALOG_COMPILER_GLOBAL_ACCENT_COLOR_NAME = AccentColor;
				CODE_SIGN_STYLE = Automatic;
				CURRENT_PROJECT_VERSION = 1;
				DEVELOPMENT_ASSET_PATHS = "\"testGIthub/Preview Content\"";
				ENABLE_PREVIEWS = YES;
				GENERATE_INFOPLIST_FILE = YES;
				INFOPLIST_KEY_UIApplicationSceneManifest_Generation = YES;
				INFOPLIST_KEY_UIApplicationSupportsIndirectInputEvents = YES;
				INFOPLIST_KEY_UILaunchScreen_Generation = YES;
				INFOPLIST_KEY_UISupportedInterfaceOrientations_iPad = "UIInterfaceOrientationPortrait UIInterfaceOrientationPortraitUpsideDown UIInterfaceOrientationLandscapeLeft UIInterfaceOrientationLandscapeRight";
				INFOPLIST_KEY_UISupportedInterfaceOrientations_iPhone = "UIInterfaceOrientationPortrait UIInterfaceOrientationLandscapeLeft UIInterfaceOrientationLandscapeRight";
				LD_RUNPATH_SEARCH_PATHS = (
					"$(inherited)",
					"@executable_path/Frameworks",
				);
				MARKETING_VERSION = 1.0;
				PRODUCT_BUNDLE_IDENTIFIER = com.baikpartner.app.testGIthub;
				PRODUCT_NAME = "$(TARGET_NAME)";
				SWIFT_EMIT_LOC_STRINGS = YES;
				SWIFT_VERSION = 5.0;
				TARGETED_DEVICE_FAMILY = "1,2";
			};
			name = Release;
		};
		C78811B82C63B0780040F939 /* Debug */ = {
			isa = XCBuildConfiguration;
			buildSettings = {
				ALWAYS_EMBED_SWIFT_STANDARD_LIBRARIES = YES;
				BUNDLE_LOADER = "$(TEST_HOST)";
				CODE_SIGN_STYLE = Automatic;
				CURRENT_PROJECT_VERSION = 1;
				GENERATE_INFOPLIST_FILE = YES;
				IPHONEOS_DEPLOYMENT_TARGET = 17.5;
				MARKETING_VERSION = 1.0;
				PRODUCT_BUNDLE_IDENTIFIER = com.baikpartner.app.testGIthubTests;
				PRODUCT_NAME = "$(TARGET_NAME)";
				SWIFT_EMIT_LOC_STRINGS = NO;
				SWIFT_VERSION = 5.0;
				TARGETED_DEVICE_FAMILY = "1,2";
				TEST_HOST = "$(BUILT_PRODUCTS_DIR)/testGIthub.app/$(BUNDLE_EXECUTABLE_FOLDER_PATH)/testGIthub";
			};
			name = Debug;
		};
		C78811B92C63B0780040F939 /* Release */ = {
			isa = XCBuildConfiguration;
			buildSettings = {
				ALWAYS_EMBED_SWIFT_STANDARD_LIBRARIES = YES;
				BUNDLE_LOADER = "$(TEST_HOST)";
				CODE_SIGN_STYLE = Automatic;
				CURRENT_PROJECT_VERSION = 1;
				GENERATE_INFOPLIST_FILE = YES;
				IPHONEOS_DEPLOYMENT_TARGET = 17.5;
				MARKETING_VERSION = 1.0;
				PRODUCT_BUNDLE_IDENTIFIER = com.baikpartner.app.testGIthubTests;
				PRODUCT_NAME = "$(TARGET_NAME)";
				SWIFT_EMIT_LOC_STRINGS = NO;
				SWIFT_VERSION = 5.0;
				TARGETED_DEVICE_FAMILY = "1,2";
				TEST_HOST = "$(BUILT_PRODUCTS_DIR)/testGIthub.app/$(BUNDLE_EXECUTABLE_FOLDER_PATH)/testGIthub";
			};
			name = Release;
		};
		C78811BB2C63B0780040F939 /* Debug */ = {
			isa = XCBuildConfiguration;
			buildSettings = {
				ALWAYS_EMBED_SWIFT_STANDARD_LIBRARIES = YES;
				CODE_SIGN_STYLE = Automatic;
				CURRENT_PROJECT_VERSION = 1;
				GENERATE_INFOPLIST_FILE = YES;
				MARKETING_VERSION = 1.0;
				PRODUCT_BUNDLE_IDENTIFIER = com.baikpartner.app.testGIthubUITests;
				PRODUCT_NAME = "$(TARGET_NAME)";
				SWIFT_EMIT_LOC_STRINGS = NO;
				SWIFT_VERSION = 5.0;
				TARGETED_DEVICE_FAMILY = "1,2";
				TEST_TARGET_NAME = testGIthub;
			};
			name = Debug;
		};
		C78811BC2C63B0780040F939 /* Release */ = {
			isa = XCBuildConfiguration;
			buildSettings = {
				ALWAYS_EMBED_SWIFT_STANDARD_LIBRARIES = YES;
				CODE_SIGN_STYLE = Automatic;
				CURRENT_PROJECT_VERSION = 1;
				GENERATE_INFOPLIST_FILE = YES;
				MARKETING_VERSION = 1.0;
				PRODUCT_BUNDLE_IDENTIFIER = com.baikpartner.app.testGIthubUITests;
				PRODUCT_NAME = "$(TARGET_NAME)";
				SWIFT_EMIT_LOC_STRINGS = NO;
				SWIFT_VERSION = 5.0;
				TARGETED_DEVICE_FAMILY = "1,2";
				TEST_TARGET_NAME = testGIthub;
			};
			name = Release;
		};
/* End XCBuildConfiguration section */

/* Begin XCConfigurationList section */
		C788118B2C63B0770040F939 /* Build configuration list for PBXProject "testGIthub" */ = {
			isa = XCConfigurationList;
			buildConfigurations = (
				C78811B22C63B0780040F939 /* Debug */,
				C78811B32C63B0780040F939 /* Release */,
			);
			defaultConfigurationIsVisible = 0;
			defaultConfigurationName = Release;
		};
		C78811B42C63B0780040F939 /* Build configuration list for PBXNativeTarget "testGIthub" */ = {
			isa = XCConfigurationList;
			buildConfigurations = (
				C78811B52C63B0780040F939 /* Debug */,
				C78811B62C63B0780040F939 /* Release */,
			);
			defaultConfigurationIsVisible = 0;
			defaultConfigurationName = Release;
		};
		C78811B72C63B0780040F939 /* Build configuration list for PBXNativeTarget "testGIthubTests" */ = {
			isa = XCConfigurationList;
			buildConfigurations = (
				C78811B82C63B0780040F939 /* Debug */,
				C78811B92C63B0780040F939 /* Release */,
			);
			defaultConfigurationIsVisible = 0;
			defaultConfigurationName = Release;
		};
		C78811BA2C63B0780040F939 /* Build configuration list for PBXNativeTarget "testGIthubUITests" */ = {
			isa = XCConfigurationList;
			buildConfigurations = (
				C78811BB2C63B0780040F939 /* Debug */,
				C78811BC2C63B0780040F939 /* Release */,
			);
			defaultConfigurationIsVisible = 0;
			defaultConfigurationName = Release;
		};
/* End XCConfigurationList section */
	};
	rootObject = C78811882C63B0770040F939 /* Project object */;
}
